
Microsoft Visual Studio Solution File, Format Version 12.00
# Visual Studio Version 18
VisualStudioVersion = 18.5.11619.145
MinimumVisualStudioVersion = 10.0.40219.1
Project("{FAE04EC0-301F-11D3-BF4B-00C04F79EFBC}") = "StatePattern", "StatePattern\StatePattern.csproj", "{616D9EF8-CCF6-402A-BA00-96CDDFB154C7}"
EndProject
Project("{FAE04EC0-301F-11D3-BF4B-00C04F79EFBC}") = "TemplateMethod", "TemplateMethod\TemplateMethod.csproj", "{DAA1ADD0-0ADE-4B0C-8660-0F0E5A32DED7}"
EndProject
Project("{FAE04EC0-301F-11D3-BF4B-00C04F79EFBC}") = "IteratorPattern", "IteratorPattern\IteratorPattern.csproj", "{58CC090D-7D76-40B5-9952-E76F02D8AD17}"
EndProject
Project("{FAE04EC0-301F-11D3-BF4B-00C04F79EFBC}") = "FactoryPattern", "FactoryPattern\FactoryPattern.csproj", "{3792C6EC-C9C5-4FA3-810F-AA05EBCE57FB}"
EndProject
Project("{FAE04EC0-301F-11D3-BF4B-00C04F79EFBC}") = "BridgePattern", "BridgePattern\BridgePattern.csproj", "{A6FB3212-806F-4B44-B0B1-93E118F5D9F6}"
EndProject
Project("{FAE04EC0-301F-11D3-BF4B-00C04F79EFBC}") = "DecoratorPattern", "DecoratorPattern\DecoratorPattern.csproj", "{41A82C82-C486-4411-8E69-F52250448887}"
EndProject
Global
	GlobalSection(SolutionConfigurationPlatforms) = preSolution
		Debug|Any CPU = Debug|Any CPU
		Release|Any CPU = Release|Any CPU
	EndGlobalSection
	GlobalSection(ProjectConfigurationPlatforms) = postSolution
		{616D9EF8-CCF6-402A-BA00-96CDDFB154C7}.Debug|Any CPU.ActiveCfg = Debug|Any CPU
		{616D9EF8-CCF6-402A-BA00-96CDDFB154C7}.Debug|Any CPU.Build.0 = Debug|Any CPU
		{616D9EF8-CCF6-402A-BA00-96CDDFB154C7}.Release|Any CPU.ActiveCfg = Release|Any CPU
		{616D9EF8-CCF6-402A-BA00-96CDDFB154C7}.Release|Any CPU.Build.0 = Release|Any CPU
		{DAA1ADD0-0ADE-4B0C-8660-0F0E5A32DED7}.Debug|Any CPU.ActiveCfg = Debug|Any CPU
		{DAA1ADD0-0ADE-4B0C-8660-0F0E5A32DED7}.Debug|Any CPU.Build.0 = Debug|Any CPU
		{DAA1ADD0-0ADE-4B0C-8660-0F0E5A32DED7}.Release|Any CPU.ActiveCfg = Release|Any CPU
		{DAA1ADD0-0ADE-4B0C-8660-0F0E5A32DED7}.Release|Any CPU.Build.0 = Release|Any CPU
		{58CC090D-7D76-40B5-9952-E76F02D8AD17}.Debug|Any CPU.ActiveCfg = Debug|Any CPU
		{58CC090D-7D76-40B5-9952-E76F02D8AD17}.Debug|Any CPU.Build.0 = Debug|Any CPU
		{58CC090D-7D76-40B5-9952-E76F02D8AD17}.Release|Any CPU.ActiveCfg = Release|Any CPU
		{58CC090D-7D76-40B5-9952-E76F02D8AD17}.Release|Any CPU.Build.0 = Release|Any CPU
		{3792C6EC-C9C5-4FA3-810F-AA05EBCE57FB}.Debug|Any CPU.ActiveCfg = Debug|Any CPU
		{3792C6EC-C9C5-4FA3-810F-AA05EBCE57FB}.Debug|Any CPU.Build.0 = Debug|Any CPU
		{3792C6EC-C9C5-4FA3-810F-AA05EBCE57FB}.Release|Any CPU.ActiveCfg = Release|Any CPU
		{3792C6EC-C9C5-4FA3-810F-AA05EBCE57FB}.Release|Any CPU.Build.0 = Release|Any CPU
		{A6FB3212-806F-4B44-B0B1-93E118F5D9F6}.Debug|Any CPU.ActiveCfg = Debug|Any CPU
		{A6FB3212-806F-4B44-B0B1-93E118F5D9F6}.Debug|Any CPU.Build.0 = Debug|Any CPU
		{A6FB3212-806F-4B44-B0B1-93E118F5D9F6}.Release|Any CPU.ActiveCfg = Release|Any CPU
		{A6FB3212-806F-4B44-B0B1-93E118F5D9F6}.Release|Any CPU.Build.0 = Release|Any CPU
		{41A82C82-C486-4411-8E69-F52250448887}.Debug|Any CPU.ActiveCfg = Debug|Any CPU
		{41A82C82-C486-4411-8E69-F52250448887}.Debug|Any CPU.Build.0 = Debug|Any CPU
		{41A82C82-C486-4411-8E69-F52250448887}.Release|Any CPU.ActiveCfg = Release|Any CPU
		{41A82C82-C486-4411-8E69-F52250448887}.Release|Any CPU.Build.0 = Release|Any CPU
	EndGlobalSection
	GlobalSection(SolutionProperties) = preSolution
		HideSolutionNode = FALSE
	EndGlobalSection
	GlobalSection(ExtensibilityGlobals) = postSolution
		SolutionGuid = {5BC70EFB-BED7-48EC-9CC8-25A7F6223DCB}
	EndGlobalSection
EndGlobal
